
Microsoft Visual Studio Solution File, Format Version 12.00
# Visual Studio Version 17
VisualStudioVersion = 17.7.34202.233
MinimumVisualStudioVersion = 10.0.40219.1
Project("{9A19103F-16F7-4668-BE54-9A1E7A4F7556}") = "Safari_Management", "Safari_Management.csproj", "{B657A577-0345-4F84-932A-7B39F28D438C}"
EndProject
Global
	GlobalSection(SolutionConfigurationPlatforms) = preSolution
		Debug|Any CPU = Debug|Any CPU
		Release|Any CPU = Release|Any CPU
	EndGlobalSection
	GlobalSection(ProjectConfigurationPlatforms) = postSolution
		{B657A577-0345-4F84-932A-7B39F28D438C}.Debug|Any CPU.ActiveCfg = Debug|Any CPU
		{B657A577-0345-4F84-932A-7B39F28D438C}.Debug|Any CPU.Build.0 = Debug|Any CPU
		{B657A577-0345-4F84-932A-7B39F28D438C}.Release|Any CPU.ActiveCfg = Release|Any CPU
		{B657A577-0345-4F84-932A-7B39F28D438C}.Release|Any CPU.Build.0 = Release|Any CPU
	EndGlobalSection
	GlobalSection(SolutionProperties) = preSolution
		HideSolutionNode = FALSE
	EndGlobalSection
	GlobalSection(ExtensibilityGlobals) = postSolution
		SolutionGuid = {ABF22099-BDF1-40E4-A97C-8E0C30A15ACC}
	EndGlobalSection
EndGlobal
